// !$*UTF8*$!
{
	archiveVersion = 1;
	classes = {
	};
	objectVersion = 46;
	objects = {

/* Begin PBXBuildFile section */
		D003943B1A268907003470DC /* deck.cpp in Sources */ = {isa = PBXBuildFile; fileRef = D00394391A268907003470DC /* deck.cpp */; };
		D003943E1A26AB7B003470DC /* players.cpp in Sources */ = {isa = PBXBuildFile; fileRef = D003943C1A26AB7B003470DC /* players.cpp */; };
		D03D6E8C1A1E80B0008DB0B9 /* main.cpp in Sources */ = {isa = PBXBuildFile; fileRef = D03D6E8B1A1E80B0008DB0B9 /* main.cpp */; };
		D065BDBC1E68501D0085BDAF /* game.cpp in Sources */ = {isa = PBXBuildFile; fileRef = D065BDBB1E68501D0085BDAF /* game.cpp */; };
		D0CA2F241A27DF2600B47FE8 /* juice.cpp in Sources */ = {isa = PBXBuildFile; fileRef = D0CA2F221A27DF2600B47FE8 /* juice.cpp */; };
/* End PBXBuildFile section */

/* Begin PBXCopyFilesBuildPhase section */
		D03D6E861A1E80B0008DB0B9 /* CopyFiles */ = {
			isa = PBXCopyFilesBuildPhase;
			buildActionMask = 2147483647;
			dstPath = /usr/share/man/man1/;
			dstSubfolderSpec = 0;
			files = (
			);
			runOnlyForDeploymentPostprocessing = 1;
		};
/* End PBXCopyFilesBuildPhase section */

/* Begin PBXFileReference section */
		D00394391A268907003470DC /* deck.cpp */ = {isa = PBXFileReference; fileEncoding = 4; lastKnownFileType = sourcecode.cpp.cpp; name = deck.cpp; path = src/deck.cpp; sourceTree = "<group>"; };
		D003943A1A268907003470DC /* deck.h */ = {isa = PBXFileReference; fileEncoding = 4; lastKnownFileType = sourcecode.c.h; name = deck.h; path = include/deck.h; sourceTree = "<group>"; };
		D003943C1A26AB7B003470DC /* players.cpp */ = {isa = PBXFileReference; fileEncoding = 4; lastKnownFileType = sourcecode.cpp.cpp; name = players.cpp; path = src/players.cpp; sourceTree = "<group>"; };
		D003943D1A26AB7B003470DC /* players.h */ = {isa = PBXFileReference; fileEncoding = 4; lastKnownFileType = sourcecode.c.h; name = players.h; path = include/players.h; sourceTree = "<group>"; };
		D003943F1A26AF9F003470DC /* main.h */ = {isa = PBXFileReference; lastKnownFileType = sourcecode.c.h; name = main.h; path = include/main.h; sourceTree = "<group>"; };
		D03D6E881A1E80B0008DB0B9 /* Black Jack */ = {isa = PBXFileReference; explicitFileType = "compiled.mach-o.executable"; includeInIndex = 0; path = "Black Jack"; sourceTree = BUILT_PRODUCTS_DIR; };
		D03D6E8B1A1E80B0008DB0B9 /* main.cpp */ = {isa = PBXFileReference; lastKnownFileType = sourcecode.cpp.cpp; name = main.cpp; path = src/main.cpp; sourceTree = "<group>"; };
		D065BDBB1E68501D0085BDAF /* game.cpp */ = {isa = PBXFileReference; fileEncoding = 4; lastKnownFileType = sourcecode.cpp.cpp; name = game.cpp; path = src/game.cpp; sourceTree = "<group>"; };
		D065BDBD1E6850250085BDAF /* game.hpp */ = {isa = PBXFileReference; lastKnownFileType = sourcecode.cpp.h; name = game.hpp; path = include/game.hpp; sourceTree = "<group>"; };
		D0CA2F211A27DF2600B47FE8 /* juice.h */ = {isa = PBXFileReference; fileEncoding = 4; lastKnownFileType = sourcecode.c.h; name = juice.h; path = include/juice.h; sourceTree = "<group>"; };
		D0CA2F221A27DF2600B47FE8 /* juice.cpp */ = {isa = PBXFileReference; fileEncoding = 4; lastKnownFileType = sourcecode.cpp.cpp; name = juice.cpp; path = src/juice.cpp; sourceTree = "<group>"; };
/* End PBXFileReference section */

/* Begin PBXFrameworksBuildPhase section */
		D03D6E851A1E80B0008DB0B9 /* Frameworks */ = {
			isa = PBXFrameworksBuildPhase;
			buildActionMask = 2147483647;
			files = (
			);
			runOnlyForDeploymentPostprocessing = 0;
		};
/* End PBXFrameworksBuildPhase section */

/* Begin PBXGroup section */
		D03D6E7F1A1E80B0008DB0B9 = {
			isa = PBXGroup;
			children = (
				D03D6E8A1A1E80B0008DB0B9 /* Black Jack */,
				D03D6E891A1E80B0008DB0B9 /* Products */,
			);
			sourceTree = "<group>";
		};
		D03D6E891A1E80B0008DB0B9 /* Products */ = {
			isa = PBXGroup;
			children = (
				D03D6E881A1E80B0008DB0B9 /* Black Jack */,
			);
			name = Products;
			sourceTree = "<group>";
		};
		D03D6E8A1A1E80B0008DB0B9 /* Black Jack */ = {
			isa = PBXGroup;
			children = (
				D065BDBA1E684FE60085BDAF /* include */,
				D065BDB91E684FB60085BDAF /* src */,
			);
			path = "Black Jack";
			sourceTree = "<group>";
		};
		D065BDB91E684FB60085BDAF /* src */ = {
			isa = PBXGroup;
			children = (
				D065BDBB1E68501D0085BDAF /* game.cpp */,
				D0CA2F221A27DF2600B47FE8 /* juice.cpp */,
				D03D6E8B1A1E80B0008DB0B9 /* main.cpp */,
				D003943C1A26AB7B003470DC /* players.cpp */,
				D00394391A268907003470DC /* deck.cpp */,
			);
			name = src;
			sourceTree = "<group>";
		};
		D065BDBA1E684FE60085BDAF /* include */ = {
			isa = PBXGroup;
			children = (
				D065BDBD1E6850250085BDAF /* game.hpp */,
				D0CA2F211A27DF2600B47FE8 /* juice.h */,
				D003943F1A26AF9F003470DC /* main.h */,
				D003943D1A26AB7B003470DC /* players.h */,
				D003943A1A268907003470DC /* deck.h */,
			);
			name = include;
			sourceTree = "<group>";
		};
/* End PBXGroup section */

/* Begin PBXNativeTarget section */
		D03D6E871A1E80B0008DB0B9 /* Black Jack */ = {
			isa = PBXNativeTarget;
			buildConfigurationList = D03D6E8F1A1E80B0008DB0B9 /* Build configuration list for PBXNativeTarget "Black Jack" */;
			buildPhases = (
				D03D6E841A1E80B0008DB0B9 /* Sources */,
				D03D6E851A1E80B0008DB0B9 /* Frameworks */,
				D03D6E861A1E80B0008DB0B9 /* CopyFiles */,
			);
			buildRules = (
			);
			dependencies = (
			);
			name = "Black Jack";
			productName = "Black Jack";
			productReference = D03D6E881A1E80B0008DB0B9 /* Black Jack */;
			productType = "com.apple.product-type.tool";
		};
/* End PBXNativeTarget section */

/* Begin PBXProject section */
		D03D6E801A1E80B0008DB0B9 /* Project object */ = {
			isa = PBXProject;
			attributes = {
				LastUpgradeCheck = 0820;
				ORGANIZATIONNAME = "Justin Oroz";
				TargetAttributes = {
					D03D6E871A1E80B0008DB0B9 = {
						CreatedOnToolsVersion = 6.1;
					};
				};
			};
			buildConfigurationList = D03D6E831A1E80B0008DB0B9 /* Build configuration list for PBXProject "Black Jack" */;
			compatibilityVersion = "Xcode 3.2";
			developmentRegion = English;
			hasScannedForEncodings = 0;
			knownRegions = (
				en,
			);
			mainGroup = D03D6E7F1A1E80B0008DB0B9;
			productRefGroup = D03D6E891A1E80B0008DB0B9 /* Products */;
			projectDirPath = "";
			projectRoot = "";
			targets = (
				D03D6E871A1E80B0008DB0B9 /* Black Jack */,
			);
		};
/* End PBXProject section */

/* Begin PBXSourcesBuildPhase section */
		D03D6E841A1E80B0008DB0B9 /* Sources */ = {
			isa = PBXSourcesBuildPhase;
			buildActionMask = 2147483647;
			files = (
				D003943E1A26AB7B003470DC /* players.cpp in Sources */,
				D003943B1A268907003470DC /* deck.cpp in Sources */,
				D0CA2F241A27DF2600B47FE8 /* juice.cpp in Sources */,
				D065BDBC1E68501D0085BDAF /* game.cpp in Sources */,
				D03D6E8C1A1E80B0008DB0B9 /* main.cpp in Sources */,
			);
			runOnlyForDeploymentPostprocessing = 0;
		};
/* End PBXSourcesBuildPhase section */

/* Begin XCBuildConfiguration section */
		D03D6E8D1A1E80B0008DB0B9 /* Debug */ = {
			isa = XCBuildConfiguration;
			buildSettings = {
				ALWAYS_SEARCH_USER_PATHS = NO;
				CLANG_CXX_LANGUAGE_STANDARD = "gnu++0x";
				CLANG_CXX_LIBRARY = "libc++";
				CLANG_ENABLE_MODULES = YES;
				CLANG_ENABLE_OBJC_ARC = YES;
				CLANG_WARN_BOOL_CONVERSION = YES;
				CLANG_WARN_CONSTANT_CONVERSION = YES;
				CLANG_WARN_DIRECT_OBJC_ISA_USAGE = YES_ERROR;
				CLANG_WARN_EMPTY_BODY = YES;
				CLANG_WARN_ENUM_CONVERSION = YES;
				CLANG_WARN_INFINITE_RECURSION = YES;
				CLANG_WARN_INT_CONVERSION = YES;
				CLANG_WARN_OBJC_ROOT_CLASS = YES_ERROR;
				CLANG_WARN_SUSPICIOUS_MOVE = YES;
				CLANG_WARN_UNREACHABLE_CODE = YES;
				CLANG_WARN__DUPLICATE_METHOD_MATCH = YES;
				COPY_PHASE_STRIP = NO;
				ENABLE_STRICT_OBJC_MSGSEND = YES;
				ENABLE_TESTABILITY = YES;
				GCC_C_LANGUAGE_STANDARD = gnu99;
				GCC_DYNAMIC_NO_PIC = NO;
				GCC_NO_COMMON_BLOCKS = YES;
				GCC_OPTIMIZATION_LEVEL = 0;
				GCC_PREPROCESSOR_DEFINITIONS = (
					"DEBUG=1",
					"$(inherited)",
				);
				GCC_SYMBOLS_PRIVATE_EXTERN = NO;
				GCC_WARN_64_TO_32_BIT_CONVERSION = YES;
				GCC_WARN_ABOUT_RETURN_TYPE = YES_ERROR;
				GCC_WARN_UNDECLARED_SELECTOR = YES;
				GCC_WARN_UNINITIALIZED_AUTOS = YES_AGGRESSIVE;
				GCC_WARN_UNUSED_FUNCTION = YES;
				GCC_WARN_UNUSED_VARIABLE = YES;
				MACOSX_DEPLOYMENT_TARGET = 10.10;
				MTL_ENABLE_DEBUG_INFO = YES;
				ONLY_ACTIVE_ARCH = YES;
				SDKROOT = macosx;
			};
			name = Debug;
		};
		D03D6E8E1A1E80B0008DB0B9 /* Release */ = {
			isa = XCBuildConfiguration;
			buildSettings = {
				ALWAYS_SEARCH_USER_PATHS = NO;
				CLANG_CXX_LANGUAGE_STANDARD = "gnu++0x";
				CLANG_CXX_LIBRARY = "libc++";
				CLANG_ENABLE_MODULES = YES;
				CLANG_ENABLE_OBJC_ARC = YES;
				CLANG_WARN_BOOL_CONVERSION = YES;
				CLANG_WARN_CONSTANT_CONVERSION = YES;
				CLANG_WARN_DIRECT_OBJC_ISA_USAGE = YES_ERROR;
				CLANG_WARN_EMPTY_BODY = YES;
				CLANG_WARN_ENUM_CONVERSION = YES;
				CLANG_WARN_INFINITE_RECURSION = YES;
				CLANG_WARN_INT_CONVERSION = YES;
				CLANG_WARN_OBJC_ROOT_CLASS = YES_ERROR;
				CLANG_WARN_SUSPICIOUS_MOVE = YES;
				CLANG_WARN_UNREACHABLE_CODE = YES;
				CLANG_WARN__DUPLICATE_METHOD_MATCH = YES;
				COPY_PHASE_STRIP = YES;
				DEBUG_INFORMATION_FORMAT = "dwarf-with-dsym";
				ENABLE_NS_ASSERTIONS = NO;
				ENABLE_STRICT_OBJC_MSGSEND = YES;
				GCC_C_LANGUAGE_STANDARD = gnu99;
				GCC_NO_COMMON_BLOCKS = YES;
				GCC_WARN_64_TO_32_BIT_CONVERSION = YES;
				GCC_WARN_ABOUT_RETURN_TYPE = YES_ERROR;
				GCC_WARN_UNDECLARED_SELECTOR = YES;
				GCC_WARN_UNINITIALIZED_AUTOS = YES_AGGRESSIVE;
				GCC_WARN_UNUSED_FUNCTION = YES;
				GCC_WARN_UNUSED_VARIABLE = YES;
				MACOSX_DEPLOYMENT_TARGET = 10.10;
				MTL_ENABLE_DEBUG_INFO = NO;
				SDKROOT = macosx;
			};
			name = Release;
		};
		D03D6E901A1E80B0008DB0B9 /* Debug */ = {
			isa = XCBuildConfiguration;
			buildSettings = {
				PRODUCT_NAME = "$(TARGET_NAME)";
			};
			name = Debug;
		};
		D03D6E911A1E80B0008DB0B9 /* Release */ = {
			isa = XCBuildConfiguration;
			buildSettings = {
				PRODUCT_NAME = "$(TARGET_NAME)";
			};
			name = Release;
		};
/* End XCBuildConfiguration section */

/* Begin XCConfigurationList section */
		D03D6E831A1E80B0008DB0B9 /* Build configuration list for PBXProject "Black Jack" */ = {
			isa = XCConfigurationList;
			buildConfigurations = (
				D03D6E8D1A1E80B0008DB0B9 /* Debug */,
				D03D6E8E1A1E80B0008DB0B9 /* Release */,
			);
			defaultConfigurationIsVisible = 0;
			defaultConfigurationName = Release;
		};
		D03D6E8F1A1E80B0008DB0B9 /* Build configuration list for PBXNativeTarget "Black Jack" */ = {
			isa = XCConfigurationList;
			buildConfigurations = (
				D03D6E901A1E80B0008DB0B9 /* Debug */,
				D03D6E911A1E80B0008DB0B9 /* Release */,
			);
			defaultConfigurationIsVisible = 0;
			defaultConfigurationName = Release;
		};
/* End XCConfigurationList section */
	};
	rootObject = D03D6E801A1E80B0008DB0B9 /* Project object */;
}
